
Microsoft Visual Studio Solution File, Format Version 12.00
# Visual Studio Version 16
VisualStudioVersion = 16.0.29215.179
MinimumVisualStudioVersion = 10.0.40219.1
Project("{FAE04EC0-301F-11D3-BF4B-00C04F79EFBC}") = "Xadrez-console", "Xadrez-console\Xadrez-console.csproj", "{3DC0708F-7C48-4A1B-AA9F-41ED118EC779}"
EndProject
Global
	GlobalSection(SolutionConfigurationPlatforms) = preSolution
		Debug|Any CPU = Debug|Any CPU
		Release|Any CPU = Release|Any CPU
	EndGlobalSection
	GlobalSection(ProjectConfigurationPlatforms) = postSolution
		{3DC0708F-7C48-4A1B-AA9F-41ED118EC779}.Debug|Any CPU.ActiveCfg = Debug|Any CPU
		{3DC0708F-7C48-4A1B-AA9F-41ED118EC779}.Debug|Any CPU.Build.0 = Debug|Any CPU
		{3DC0708F-7C48-4A1B-AA9F-41ED118EC779}.Release|Any CPU.ActiveCfg = Release|Any CPU
		{3DC0708F-7C48-4A1B-AA9F-41ED118EC779}.Release|Any CPU.Build.0 = Release|Any CPU
	EndGlobalSection
	GlobalSection(SolutionProperties) = preSolution
		HideSolutionNode = FALSE
	EndGlobalSection
	GlobalSection(ExtensibilityGlobals) = postSolution
		SolutionGuid = {0193ACCF-844F-472C-83F7-BBEC735A1F42}
	EndGlobalSection
EndGlobal
